
Microsoft Visual Studio Solution File, Format Version 12.00
# Visual Studio Version 16
VisualStudioVersion = 16.0.31112.23
MinimumVisualStudioVersion = 10.0.40219.1
Project("{FAE04EC0-301F-11D3-BF4B-00C04F79EFBC}") = "DataDuctusChallenge", "DataDuctusChallenge.csproj", "{86728A16-0FAC-4B34-B28A-94E617511945}"
EndProject
Global
	GlobalSection(SolutionConfigurationPlatforms) = preSolution
		Debug|Any CPU = Debug|Any CPU
		Release|Any CPU = Release|Any CPU
	EndGlobalSection
	GlobalSection(ProjectConfigurationPlatforms) = postSolution
		{86728A16-0FAC-4B34-B28A-94E617511945}.Debug|Any CPU.ActiveCfg = Debug|Any CPU
		{86728A16-0FAC-4B34-B28A-94E617511945}.Debug|Any CPU.Build.0 = Debug|Any CPU
		{86728A16-0FAC-4B34-B28A-94E617511945}.Release|Any CPU.ActiveCfg = Release|Any CPU
		{86728A16-0FAC-4B34-B28A-94E617511945}.Release|Any CPU.Build.0 = Release|Any CPU
	EndGlobalSection
	GlobalSection(SolutionProperties) = preSolution
		HideSolutionNode = FALSE
	EndGlobalSection
	GlobalSection(ExtensibilityGlobals) = postSolution
		SolutionGuid = {59100DBE-ECBC-4903-BA8E-96564523608D}
	EndGlobalSection
EndGlobal
